// !$*UTF8*$!
{
	archiveVersion = 1;
	classes = {
	};
	objectVersion = 46;
	objects = {

/* Begin PBXBuildFile section */
		B786071B1C7463A900D95EE6 /* EssBitmap.c in Sources */ = {isa = PBXBuildFile; fileRef = B78607181C7463A900D95EE6 /* EssBitmap.c */; };
		B786071C1C7463A900D95EE6 /* ExamSheetScannerCore.c in Sources */ = {isa = PBXBuildFile; fileRef = B78607191C7463A900D95EE6 /* ExamSheetScannerCore.c */; };
		B786071D1C7463A900D95EE6 /* ExamSheetScannerUtil.c in Sources */ = {isa = PBXBuildFile; fileRef = B786071A1C7463A900D95EE6 /* ExamSheetScannerUtil.c */; };
		B7979BD51C74622C00CB1218 /* cardreaderlib.h in CopyFiles */ = {isa = PBXBuildFile; fileRef = B7979BD41C74622C00CB1218 /* cardreaderlib.h */; };
		B7979BD71C74622C00CB1218 /* cardreaderlib.m in Sources */ = {isa = PBXBuildFile; fileRef = B7979BD61C74622C00CB1218 /* cardreaderlib.m */; };
/* End PBXBuildFile section */

/* Begin PBXCopyFilesBuildPhase section */
		B7979BCF1C74622C00CB1218 /* CopyFiles */ = {
			isa = PBXCopyFilesBuildPhase;
			buildActionMask = 2147483647;
			dstPath = "include/$(PRODUCT_NAME)";
			dstSubfolderSpec = 16;
			files = (
				B7979BD51C74622C00CB1218 /* cardreaderlib.h in CopyFiles */,
			);
			runOnlyForDeploymentPostprocessing = 0;
		};
/* End PBXCopyFilesBuildPhase section */

/* Begin PBXFileReference section */
		B78607181C7463A900D95EE6 /* EssBitmap.c */ = {isa = PBXFileReference; fileEncoding = 4; lastKnownFileType = sourcecode.c.c; name = EssBitmap.c; path = jni/EssBitmap.c; sourceTree = "<group>"; };
		B78607191C7463A900D95EE6 /* ExamSheetScannerCore.c */ = {isa = PBXFileReference; fileEncoding = 4; lastKnownFileType = sourcecode.c.c; name = ExamSheetScannerCore.c; path = jni/ExamSheetScannerCore.c; sourceTree = "<group>"; };
		B786071A1C7463A900D95EE6 /* ExamSheetScannerUtil.c */ = {isa = PBXFileReference; fileEncoding = 4; lastKnownFileType = sourcecode.c.c; name = ExamSheetScannerUtil.c; path = jni/ExamSheetScannerUtil.c; sourceTree = "<group>"; };
		B7979BD11C74622C00CB1218 /* libcardreaderlib.a */ = {isa = PBXFileReference; explicitFileType = archive.ar; includeInIndex = 0; path = libcardreaderlib.a; sourceTree = BUILT_PRODUCTS_DIR; };
		B7979BD41C74622C00CB1218 /* cardreaderlib.h */ = {isa = PBXFileReference; lastKnownFileType = sourcecode.c.h; path = cardreaderlib.h; sourceTree = "<group>"; };
		B7979BD61C74622C00CB1218 /* cardreaderlib.m */ = {isa = PBXFileReference; lastKnownFileType = sourcecode.c.objc; path = cardreaderlib.m; sourceTree = "<group>"; };
/* End PBXFileReference section */

/* Begin PBXFrameworksBuildPhase section */
		B7979BCE1C74622C00CB1218 /* Frameworks */ = {
			isa = PBXFrameworksBuildPhase;
			buildActionMask = 2147483647;
			files = (
			);
			runOnlyForDeploymentPostprocessing = 0;
		};
/* End PBXFrameworksBuildPhase section */

/* Begin PBXGroup section */
		B7979BC81C74622C00CB1218 = {
			isa = PBXGroup;
			children = (
				B7979BD31C74622C00CB1218 /* cardreaderlib */,
				B7979BD21C74622C00CB1218 /* Products */,
			);
			sourceTree = "<group>";
		};
		B7979BD21C74622C00CB1218 /* Products */ = {
			isa = PBXGroup;
			children = (
				B7979BD11C74622C00CB1218 /* libcardreaderlib.a */,
			);
			name = Products;
			sourceTree = "<group>";
		};
		B7979BD31C74622C00CB1218 /* cardreaderlib */ = {
			isa = PBXGroup;
			children = (
				B78607181C7463A900D95EE6 /* EssBitmap.c */,
				B78607191C7463A900D95EE6 /* ExamSheetScannerCore.c */,
				B786071A1C7463A900D95EE6 /* ExamSheetScannerUtil.c */,
				B7979BD41C74622C00CB1218 /* cardreaderlib.h */,
				B7979BD61C74622C00CB1218 /* cardreaderlib.m */,
			);
			path = cardreaderlib;
			sourceTree = "<group>";
		};
/* End PBXGroup section */

/* Begin PBXNativeTarget section */
		B7979BD01C74622C00CB1218 /* cardreaderlib */ = {
			isa = PBXNativeTarget;
			buildConfigurationList = B7979BDA1C74622C00CB1218 /* Build configuration list for PBXNativeTarget "cardreaderlib" */;
			buildPhases = (
				B7979BCD1C74622C00CB1218 /* Sources */,
				B7979BCE1C74622C00CB1218 /* Frameworks */,
				B7979BCF1C74622C00CB1218 /* CopyFiles */,
			);
			buildRules = (
			);
			dependencies = (
			);
			name = cardreaderlib;
			productName = cardreaderlib;
			productReference = B7979BD11C74622C00CB1218 /* libcardreaderlib.a */;
			productType = "com.apple.product-type.library.static";
		};
/* End PBXNativeTarget section */

/* Begin PBXProject section */
		B7979BC91C74622C00CB1218 /* Project object */ = {
			isa = PBXProject;
			attributes = {
				LastUpgradeCheck = 0730;
				ORGANIZATIONNAME = yingedu;
				TargetAttributes = {
					B7979BD01C74622C00CB1218 = {
						CreatedOnToolsVersion = 7.3;
						DevelopmentTeam = 6GA6YLYVDT;
					};
				};
			};
			buildConfigurationList = B7979BCC1C74622C00CB1218 /* Build configuration list for PBXProject "cardreaderlib" */;
			compatibilityVersion = "Xcode 3.2";
			developmentRegion = English;
			hasScannedForEncodings = 0;
			knownRegions = (
				en,
			);
			mainGroup = B7979BC81C74622C00CB1218;
			productRefGroup = B7979BD21C74622C00CB1218 /* Products */;
			projectDirPath = "";
			projectRoot = "";
			targets = (
				B7979BD01C74622C00CB1218 /* cardreaderlib */,
			);
		};
/* End PBXProject section */

/* Begin PBXSourcesBuildPhase section */
		B7979BCD1C74622C00CB1218 /* Sources */ = {
			isa = PBXSourcesBuildPhase;
			buildActionMask = 2147483647;
			files = (
				B786071B1C7463A900D95EE6 /* EssBitmap.c in Sources */,
				B786071C1C7463A900D95EE6 /* ExamSheetScannerCore.c in Sources */,
				B7979BD71C74622C00CB1218 /* cardreaderlib.m in Sources */,
				B786071D1C7463A900D95EE6 /* ExamSheetScannerUtil.c in Sources */,
			);
			runOnlyForDeploymentPostprocessing = 0;
		};
/* End PBXSourcesBuildPhase section */

/* Begin XCBuildConfiguration section */
		B7979BD81C74622C00CB1218 /* Debug */ = {
			isa = XCBuildConfiguration;
			buildSettings = {
				ALWAYS_SEARCH_USER_PATHS = NO;
				CLANG_CXX_LANGUAGE_STANDARD = "gnu++0x";
				CLANG_CXX_LIBRARY = "libc++";
				CLANG_ENABLE_MODULES = YES;
				CLANG_ENABLE_OBJC_ARC = YES;
				CLANG_WARN_BOOL_CONVERSION = YES;
				CLANG_WARN_CONSTANT_CONVERSION = YES;
				CLANG_WARN_DIRECT_OBJC_ISA_USAGE = YES_ERROR;
				CLANG_WARN_EMPTY_BODY = YES;
				CLANG_WARN_ENUM_CONVERSION = YES;
				CLANG_WARN_INT_CONVERSION = YES;
				CLANG_WARN_OBJC_ROOT_CLASS = YES_ERROR;
				CLANG_WARN_UNREACHABLE_CODE = YES;
				CLANG_WARN__DUPLICATE_METHOD_MATCH = YES;
				"CODE_SIGN_IDENTITY[sdk=iphoneos*]" = "iPhone Developer";
				COPY_PHASE_STRIP = NO;
				DEBUG_INFORMATION_FORMAT = dwarf;
				ENABLE_STRICT_OBJC_MSGSEND = YES;
				ENABLE_TESTABILITY = YES;
				GCC_C_LANGUAGE_STANDARD = gnu99;
				GCC_DYNAMIC_NO_PIC = NO;
				GCC_NO_COMMON_BLOCKS = YES;
				GCC_OPTIMIZATION_LEVEL = 0;
				GCC_PREPROCESSOR_DEFINITIONS = (
					"DEBUG=1",
					"$(inherited)",
				);
				GCC_WARN_64_TO_32_BIT_CONVERSION = YES;
				GCC_WARN_ABOUT_RETURN_TYPE = YES_ERROR;
				GCC_WARN_UNDECLARED_SELECTOR = YES;
				GCC_WARN_UNINITIALIZED_AUTOS = YES_AGGRESSIVE;
				GCC_WARN_UNUSED_FUNCTION = YES;
				GCC_WARN_UNUSED_VARIABLE = YES;
				IPHONEOS_DEPLOYMENT_TARGET = 9.3;
				MTL_ENABLE_DEBUG_INFO = YES;
				ONLY_ACTIVE_ARCH = YES;
				SDKROOT = iphoneos;
			};
			name = Debug;
		};
		B7979BD91C74622C00CB1218 /* Release */ = {
			isa = XCBuildConfiguration;
			buildSettings = {
				ALWAYS_SEARCH_USER_PATHS = NO;
				CLANG_CXX_LANGUAGE_STANDARD = "gnu++0x";
				CLANG_CXX_LIBRARY = "libc++";
				CLANG_ENABLE_MODULES = YES;
				CLANG_ENABLE_OBJC_ARC = YES;
				CLANG_WARN_BOOL_CONVERSION = YES;
				CLANG_WARN_CONSTANT_CONVERSION = YES;
				CLANG_WARN_DIRECT_OBJC_ISA_USAGE = YES_ERROR;
				CLANG_WARN_EMPTY_BODY = YES;
				CLANG_WARN_ENUM_CONVERSION = YES;
				CLANG_WARN_INT_CONVERSION = YES;
				CLANG_WARN_OBJC_ROOT_CLASS = YES_ERROR;
				CLANG_WARN_UNREACHABLE_CODE = YES;
				CLANG_WARN__DUPLICATE_METHOD_MATCH = YES;
				"CODE_SIGN_IDENTITY[sdk=iphoneos*]" = "iPhone Developer";
				COPY_PHASE_STRIP = NO;
				DEBUG_INFORMATION_FORMAT = "dwarf-with-dsym";
				ENABLE_NS_ASSERTIONS = NO;
				ENABLE_STRICT_OBJC_MSGSEND = YES;
				GCC_C_LANGUAGE_STANDARD = gnu99;
				GCC_NO_COMMON_BLOCKS = YES;
				GCC_WARN_64_TO_32_BIT_CONVERSION = YES;
				GCC_WARN_ABOUT_RETURN_TYPE = YES_ERROR;
				GCC_WARN_UNDECLARED_SELECTOR = YES;
				GCC_WARN_UNINITIALIZED_AUTOS = YES_AGGRESSIVE;
				GCC_WARN_UNUSED_FUNCTION = YES;
				GCC_WARN_UNUSED_VARIABLE = YES;
				IPHONEOS_DEPLOYMENT_TARGET = 9.3;
				MTL_ENABLE_DEBUG_INFO = NO;
				SDKROOT = iphoneos;
				VALIDATE_PRODUCT = YES;
			};
			name = Release;
		};
		B7979BDB1C74622C00CB1218 /* Debug */ = {
			isa = XCBuildConfiguration;
			buildSettings = {
				OTHER_LDFLAGS = "-ObjC";
				PRODUCT_NAME = "$(TARGET_NAME)";
				SKIP_INSTALL = YES;
			};
			name = Debug;
		};
		B7979BDC1C74622C00CB1218 /* Release */ = {
			isa = XCBuildConfiguration;
			buildSettings = {
				OTHER_LDFLAGS = "-ObjC";
				PRODUCT_NAME = "$(TARGET_NAME)";
				SKIP_INSTALL = YES;
			};
			name = Release;
		};
/* End XCBuildConfiguration section */

/* Begin XCConfigurationList section */
		B7979BCC1C74622C00CB1218 /* Build configuration list for PBXProject "cardreaderlib" */ = {
			isa = XCConfigurationList;
			buildConfigurations = (
				B7979BD81C74622C00CB1218 /* Debug */,
				B7979BD91C74622C00CB1218 /* Release */,
			);
			defaultConfigurationIsVisible = 0;
			defaultConfigurationName = Release;
		};
		B7979BDA1C74622C00CB1218 /* Build configuration list for PBXNativeTarget "cardreaderlib" */ = {
			isa = XCConfigurationList;
			buildConfigurations = (
				B7979BDB1C74622C00CB1218 /* Debug */,
				B7979BDC1C74622C00CB1218 /* Release */,
			);
			defaultConfigurationIsVisible = 0;
			defaultConfigurationName = Release;
		};
/* End XCConfigurationList section */
	};
	rootObject = B7979BC91C74622C00CB1218 /* Project object */;
}
