// !$*UTF8*$!
{
	archiveVersion = 1;
	classes = {
	};
	objectVersion = 46;
	objects = {

/* Begin PBXBuildFile section */
		EF233DC71B6B19FD00655776 /* AppDelegate.swift in Sources */ = {isa = PBXBuildFile; fileRef = EF233DC61B6B19FD00655776 /* AppDelegate.swift */; };
		EF233DC91B6B19FD00655776 /* ViewController.swift in Sources */ = {isa = PBXBuildFile; fileRef = EF233DC81B6B19FD00655776 /* ViewController.swift */; };
		EF233DCC1B6B19FD00655776 /* Main.storyboard in Resources */ = {isa = PBXBuildFile; fileRef = EF233DCA1B6B19FD00655776 /* Main.storyboard */; };
		EF233DCE1B6B19FD00655776 /* Assets.xcassets in Resources */ = {isa = PBXBuildFile; fileRef = EF233DCD1B6B19FD00655776 /* Assets.xcassets */; };
		EF233DD11B6B19FD00655776 /* LaunchScreen.storyboard in Resources */ = {isa = PBXBuildFile; fileRef = EF233DCF1B6B19FD00655776 /* LaunchScreen.storyboard */; };
		EFF0E3991B6C6444006A0AD1 /* hideBio.js in Resources */ = {isa = PBXBuildFile; fileRef = EFF0E3981B6C6444006A0AD1 /* hideBio.js */; };
/* End PBXBuildFile section */

/* Begin PBXFileReference section */
		EF233DC31B6B19FD00655776 /* swk-ksb.app */ = {isa = PBXFileReference; explicitFileType = wrapper.application; includeInIndex = 0; path = "swk-ksb.app"; sourceTree = BUILT_PRODUCTS_DIR; };
		EF233DC61B6B19FD00655776 /* AppDelegate.swift */ = {isa = PBXFileReference; lastKnownFileType = sourcecode.swift; path = AppDelegate.swift; sourceTree = "<group>"; };
		EF233DC81B6B19FD00655776 /* ViewController.swift */ = {isa = PBXFileReference; lastKnownFileType = sourcecode.swift; path = ViewController.swift; sourceTree = "<group>"; };
		EF233DCB1B6B19FD00655776 /* Base */ = {isa = PBXFileReference; lastKnownFileType = file.storyboard; name = Base; path = Base.lproj/Main.storyboard; sourceTree = "<group>"; };
		EF233DCD1B6B19FD00655776 /* Assets.xcassets */ = {isa = PBXFileReference; lastKnownFileType = folder.assetcatalog; path = Assets.xcassets; sourceTree = "<group>"; };
		EF233DD01B6B19FD00655776 /* Base */ = {isa = PBXFileReference; lastKnownFileType = file.storyboard; name = Base; path = Base.lproj/LaunchScreen.storyboard; sourceTree = "<group>"; };
		EF233DD21B6B19FD00655776 /* Info.plist */ = {isa = PBXFileReference; lastKnownFileType = text.plist.xml; path = Info.plist; sourceTree = "<group>"; };
		EFF0E3981B6C6444006A0AD1 /* hideBio.js */ = {isa = PBXFileReference; fileEncoding = 4; lastKnownFileType = sourcecode.javascript; path = hideBio.js; sourceTree = "<group>"; };
/* End PBXFileReference section */

/* Begin PBXFrameworksBuildPhase section */
		EF233DC01B6B19FD00655776 /* Frameworks */ = {
			isa = PBXFrameworksBuildPhase;
			buildActionMask = 2147483647;
			files = (
			);
			runOnlyForDeploymentPostprocessing = 0;
		};
/* End PBXFrameworksBuildPhase section */

/* Begin PBXGroup section */
		EF233DBA1B6B19FD00655776 = {
			isa = PBXGroup;
			children = (
				EF233DC51B6B19FD00655776 /* swk-ksb */,
				EF233DC41B6B19FD00655776 /* Products */,
			);
			sourceTree = "<group>";
		};
		EF233DC41B6B19FD00655776 /* Products */ = {
			isa = PBXGroup;
			children = (
				EF233DC31B6B19FD00655776 /* swk-ksb.app */,
			);
			name = Products;
			sourceTree = "<group>";
		};
		EF233DC51B6B19FD00655776 /* swk-ksb */ = {
			isa = PBXGroup;
			children = (
				EF233DC61B6B19FD00655776 /* AppDelegate.swift */,
				EF233DC81B6B19FD00655776 /* ViewController.swift */,
				EF233DCA1B6B19FD00655776 /* Main.storyboard */,
				EF233DCD1B6B19FD00655776 /* Assets.xcassets */,
				EF233DCF1B6B19FD00655776 /* LaunchScreen.storyboard */,
				EF233DD21B6B19FD00655776 /* Info.plist */,
				EFF0E3981B6C6444006A0AD1 /* hideBio.js */,
			);
			name = "swk-ksb";
			path = swk;
			sourceTree = "<group>";
		};
/* End PBXGroup section */

/* Begin PBXNativeTarget section */
		EF233DC21B6B19FD00655776 /* swk-ksb */ = {
			isa = PBXNativeTarget;
			buildConfigurationList = EF233DD51B6B19FD00655776 /* Build configuration list for PBXNativeTarget "swk-ksb" */;
			buildPhases = (
				EF233DBF1B6B19FD00655776 /* Sources */,
				EF233DC01B6B19FD00655776 /* Frameworks */,
				EF233DC11B6B19FD00655776 /* Resources */,
			);
			buildRules = (
			);
			dependencies = (
			);
			name = "swk-ksb";
			productName = swk;
			productReference = EF233DC31B6B19FD00655776 /* swk-ksb.app */;
			productType = "com.apple.product-type.application";
		};
/* End PBXNativeTarget section */

/* Begin PBXProject section */
		EF233DBB1B6B19FD00655776 /* Project object */ = {
			isa = PBXProject;
			attributes = {
				LastUpgradeCheck = 0700;
				ORGANIZATIONNAME = vvw;
				TargetAttributes = {
					EF233DC21B6B19FD00655776 = {
						CreatedOnToolsVersion = 7.0;
					};
				};
			};
			buildConfigurationList = EF233DBE1B6B19FD00655776 /* Build configuration list for PBXProject "swk-ksb" */;
			compatibilityVersion = "Xcode 3.2";
			developmentRegion = English;
			hasScannedForEncodings = 0;
			knownRegions = (
				en,
				Base,
			);
			mainGroup = EF233DBA1B6B19FD00655776;
			productRefGroup = EF233DC41B6B19FD00655776 /* Products */;
			projectDirPath = "";
			projectRoot = "";
			targets = (
				EF233DC21B6B19FD00655776 /* swk-ksb */,
			);
		};
/* End PBXProject section */

/* Begin PBXResourcesBuildPhase section */
		EF233DC11B6B19FD00655776 /* Resources */ = {
			isa = PBXResourcesBuildPhase;
			buildActionMask = 2147483647;
			files = (
				EF233DD11B6B19FD00655776 /* LaunchScreen.storyboard in Resources */,
				EFF0E3991B6C6444006A0AD1 /* hideBio.js in Resources */,
				EF233DCE1B6B19FD00655776 /* Assets.xcassets in Resources */,
				EF233DCC1B6B19FD00655776 /* Main.storyboard in Resources */,
			);
			runOnlyForDeploymentPostprocessing = 0;
		};
/* End PBXResourcesBuildPhase section */

/* Begin PBXSourcesBuildPhase section */
		EF233DBF1B6B19FD00655776 /* Sources */ = {
			isa = PBXSourcesBuildPhase;
			buildActionMask = 2147483647;
			files = (
				EF233DC91B6B19FD00655776 /* ViewController.swift in Sources */,
				EF233DC71B6B19FD00655776 /* AppDelegate.swift in Sources */,
			);
			runOnlyForDeploymentPostprocessing = 0;
		};
/* End PBXSourcesBuildPhase section */

/* Begin PBXVariantGroup section */
		EF233DCA1B6B19FD00655776 /* Main.storyboard */ = {
			isa = PBXVariantGroup;
			children = (
				EF233DCB1B6B19FD00655776 /* Base */,
			);
			name = Main.storyboard;
			sourceTree = "<group>";
		};
		EF233DCF1B6B19FD00655776 /* LaunchScreen.storyboard */ = {
			isa = PBXVariantGroup;
			children = (
				EF233DD01B6B19FD00655776 /* Base */,
			);
			name = LaunchScreen.storyboard;
			sourceTree = "<group>";
		};
/* End PBXVariantGroup section */

/* Begin XCBuildConfiguration section */
		EF233DD31B6B19FD00655776 /* Debug */ = {
			isa = XCBuildConfiguration;
			buildSettings = {
				ALWAYS_SEARCH_USER_PATHS = NO;
				CLANG_CXX_LANGUAGE_STANDARD = "gnu++0x";
				CLANG_CXX_LIBRARY = "libc++";
				CLANG_ENABLE_MODULES = YES;
				CLANG_ENABLE_OBJC_ARC = YES;
				CLANG_WARN_BOOL_CONVERSION = YES;
				CLANG_WARN_CONSTANT_CONVERSION = YES;
				CLANG_WARN_DIRECT_OBJC_ISA_USAGE = YES_ERROR;
				CLANG_WARN_EMPTY_BODY = YES;
				CLANG_WARN_ENUM_CONVERSION = YES;
				CLANG_WARN_INT_CONVERSION = YES;
				CLANG_WARN_OBJC_ROOT_CLASS = YES_ERROR;
				CLANG_WARN_UNREACHABLE_CODE = YES;
				CLANG_WARN__DUPLICATE_METHOD_MATCH = YES;
				"CODE_SIGN_IDENTITY[sdk=iphoneos*]" = "iPhone Developer";
				COPY_PHASE_STRIP = NO;
				DEBUG_INFORMATION_FORMAT = dwarf;
				ENABLE_STRICT_OBJC_MSGSEND = YES;
				ENABLE_TESTABILITY = YES;
				GCC_C_LANGUAGE_STANDARD = gnu99;
				GCC_DYNAMIC_NO_PIC = NO;
				GCC_NO_COMMON_BLOCKS = YES;
				GCC_OPTIMIZATION_LEVEL = 0;
				GCC_PREPROCESSOR_DEFINITIONS = (
					"DEBUG=1",
					"$(inherited)",
				);
				GCC_WARN_64_TO_32_BIT_CONVERSION = YES;
				GCC_WARN_ABOUT_RETURN_TYPE = YES_ERROR;
				GCC_WARN_UNDECLARED_SELECTOR = YES;
				GCC_WARN_UNINITIALIZED_AUTOS = YES_AGGRESSIVE;
				GCC_WARN_UNUSED_FUNCTION = YES;
				GCC_WARN_UNUSED_VARIABLE = YES;
				IPHONEOS_DEPLOYMENT_TARGET = 9.0;
				MTL_ENABLE_DEBUG_INFO = YES;
				ONLY_ACTIVE_ARCH = YES;
				SDKROOT = iphoneos;
				SWIFT_OPTIMIZATION_LEVEL = "-Onone";
				TARGETED_DEVICE_FAMILY = "1,2";
			};
			name = Debug;
		};
		EF233DD41B6B19FD00655776 /* Release */ = {
			isa = XCBuildConfiguration;
			buildSettings = {
				ALWAYS_SEARCH_USER_PATHS = NO;
				CLANG_CXX_LANGUAGE_STANDARD = "gnu++0x";
				CLANG_CXX_LIBRARY = "libc++";
				CLANG_ENABLE_MODULES = YES;
				CLANG_ENABLE_OBJC_ARC = YES;
				CLANG_WARN_BOOL_CONVERSION = YES;
				CLANG_WARN_CONSTANT_CONVERSION = YES;
				CLANG_WARN_DIRECT_OBJC_ISA_USAGE = YES_ERROR;
				CLANG_WARN_EMPTY_BODY = YES;
				CLANG_WARN_ENUM_CONVERSION = YES;
				CLANG_WARN_INT_CONVERSION = YES;
				CLANG_WARN_OBJC_ROOT_CLASS = YES_ERROR;
				CLANG_WARN_UNREACHABLE_CODE = YES;
				CLANG_WARN__DUPLICATE_METHOD_MATCH = YES;
				"CODE_SIGN_IDENTITY[sdk=iphoneos*]" = "iPhone Developer";
				COPY_PHASE_STRIP = NO;
				DEBUG_INFORMATION_FORMAT = "dwarf-with-dsym";
				ENABLE_NS_ASSERTIONS = NO;
				ENABLE_STRICT_OBJC_MSGSEND = YES;
				GCC_C_LANGUAGE_STANDARD = gnu99;
				GCC_NO_COMMON_BLOCKS = YES;
				GCC_WARN_64_TO_32_BIT_CONVERSION = YES;
				GCC_WARN_ABOUT_RETURN_TYPE = YES_ERROR;
				GCC_WARN_UNDECLARED_SELECTOR = YES;
				GCC_WARN_UNINITIALIZED_AUTOS = YES_AGGRESSIVE;
				GCC_WARN_UNUSED_FUNCTION = YES;
				GCC_WARN_UNUSED_VARIABLE = YES;
				IPHONEOS_DEPLOYMENT_TARGET = 9.0;
				MTL_ENABLE_DEBUG_INFO = NO;
				SDKROOT = iphoneos;
				TARGETED_DEVICE_FAMILY = "1,2";
				VALIDATE_PRODUCT = YES;
			};
			name = Release;
		};
		EF233DD61B6B19FD00655776 /* Debug */ = {
			isa = XCBuildConfiguration;
			buildSettings = {
				ASSETCATALOG_COMPILER_APPICON_NAME = AppIcon;
				INFOPLIST_FILE = swk/Info.plist;
				LD_RUNPATH_SEARCH_PATHS = "$(inherited) @executable_path/Frameworks";
				PRODUCT_BUNDLE_IDENTIFIER = vvw.swk;
				PRODUCT_NAME = "swk-ksb";
			};
			name = Debug;
		};
		EF233DD71B6B19FD00655776 /* Release */ = {
			isa = XCBuildConfiguration;
			buildSettings = {
				ASSETCATALOG_COMPILER_APPICON_NAME = AppIcon;
				INFOPLIST_FILE = swk/Info.plist;
				LD_RUNPATH_SEARCH_PATHS = "$(inherited) @executable_path/Frameworks";
				PRODUCT_BUNDLE_IDENTIFIER = vvw.swk;
				PRODUCT_NAME = "swk-ksb";
			};
			name = Release;
		};
/* End XCBuildConfiguration section */

/* Begin XCConfigurationList section */
		EF233DBE1B6B19FD00655776 /* Build configuration list for PBXProject "swk-ksb" */ = {
			isa = XCConfigurationList;
			buildConfigurations = (
				EF233DD31B6B19FD00655776 /* Debug */,
				EF233DD41B6B19FD00655776 /* Release */,
			);
			defaultConfigurationIsVisible = 0;
			defaultConfigurationName = Release;
		};
		EF233DD51B6B19FD00655776 /* Build configuration list for PBXNativeTarget "swk-ksb" */ = {
			isa = XCConfigurationList;
			buildConfigurations = (
				EF233DD61B6B19FD00655776 /* Debug */,
				EF233DD71B6B19FD00655776 /* Release */,
			);
			defaultConfigurationIsVisible = 0;
			defaultConfigurationName = Release;
		};
/* End XCConfigurationList section */
	};
	rootObject = EF233DBB1B6B19FD00655776 /* Project object */;
}
